// !$*UTF8*$!
{
	archiveVersion = 1;
	classes = {
	};
	objectVersion = 56;
	objects = {

/* Begin PBXBuildFile section */
		79F232A42992C41800B7ACC1 /* collapsable_expandable_listApp.swift in Sources */ = {isa = PBXBuildFile; fileRef = 79F232A32992C41800B7ACC1 /* collapsable_expandable_listApp.swift */; };
		79F232A62992C41800B7ACC1 /* ContentView.swift in Sources */ = {isa = PBXBuildFile; fileRef = 79F232A52992C41800B7ACC1 /* ContentView.swift */; };
		79F232A82992C41900B7ACC1 /* Assets.xcassets in Resources */ = {isa = PBXBuildFile; fileRef = 79F232A72992C41900B7ACC1 /* Assets.xcassets */; };
		79F232AB2992C41900B7ACC1 /* Preview Assets.xcassets in Resources */ = {isa = PBXBuildFile; fileRef = 79F232AA2992C41900B7ACC1 /* Preview Assets.xcassets */; };
		79F232B22992C44600B7ACC1 /* CollapsableExpandableDemoView.swift in Sources */ = {isa = PBXBuildFile; fileRef = 79F232B12992C44600B7ACC1 /* CollapsableExpandableDemoView.swift */; };
		79F232B42992C91500B7ACC1 /* CollapsableSectionsFormDemoView.swift in Sources */ = {isa = PBXBuildFile; fileRef = 79F232B32992C91500B7ACC1 /* CollapsableSectionsFormDemoView.swift */; };
		79F232B62992C9F300B7ACC1 /* CustomCollapsableSectionsDemoView.swift in Sources */ = {isa = PBXBuildFile; fileRef = 79F232B52992C9F300B7ACC1 /* CustomCollapsableSectionsDemoView.swift */; };
/* End PBXBuildFile section */

/* Begin PBXFileReference section */
		79F232A02992C41800B7ACC1 /* collapsable-expandable-list.app */ = {isa = PBXFileReference; explicitFileType = wrapper.application; includeInIndex = 0; path = "collapsable-expandable-list.app"; sourceTree = BUILT_PRODUCTS_DIR; };
		79F232A32992C41800B7ACC1 /* collapsable_expandable_listApp.swift */ = {isa = PBXFileReference; lastKnownFileType = sourcecode.swift; path = collapsable_expandable_listApp.swift; sourceTree = "<group>"; };
		79F232A52992C41800B7ACC1 /* ContentView.swift */ = {isa = PBXFileReference; lastKnownFileType = sourcecode.swift; path = ContentView.swift; sourceTree = "<group>"; };
		79F232A72992C41900B7ACC1 /* Assets.xcassets */ = {isa = PBXFileReference; lastKnownFileType = folder.assetcatalog; path = Assets.xcassets; sourceTree = "<group>"; };
		79F232AA2992C41900B7ACC1 /* Preview Assets.xcassets */ = {isa = PBXFileReference; lastKnownFileType = folder.assetcatalog; path = "Preview Assets.xcassets"; sourceTree = "<group>"; };
		79F232B12992C44600B7ACC1 /* CollapsableExpandableDemoView.swift */ = {isa = PBXFileReference; lastKnownFileType = sourcecode.swift; path = CollapsableExpandableDemoView.swift; sourceTree = "<group>"; };
		79F232B32992C91500B7ACC1 /* CollapsableSectionsFormDemoView.swift */ = {isa = PBXFileReference; lastKnownFileType = sourcecode.swift; path = CollapsableSectionsFormDemoView.swift; sourceTree = "<group>"; };
		79F232B52992C9F300B7ACC1 /* CustomCollapsableSectionsDemoView.swift */ = {isa = PBXFileReference; lastKnownFileType = sourcecode.swift; path = CustomCollapsableSectionsDemoView.swift; sourceTree = "<group>"; };
/* End PBXFileReference section */

/* Begin PBXFrameworksBuildPhase section */
		79F2329D2992C41800B7ACC1 /* Frameworks */ = {
			isa = PBXFrameworksBuildPhase;
			buildActionMask = 2147483647;
			files = (
			);
			runOnlyForDeploymentPostprocessing = 0;
		};
/* End PBXFrameworksBuildPhase section */

/* Begin PBXGroup section */
		79F232972992C41800B7ACC1 = {
			isa = PBXGroup;
			children = (
				79F232A22992C41800B7ACC1 /* collapsable-expandable-list */,
				79F232A12992C41800B7ACC1 /* Products */,
			);
			sourceTree = "<group>";
		};
		79F232A12992C41800B7ACC1 /* Products */ = {
			isa = PBXGroup;
			children = (
				79F232A02992C41800B7ACC1 /* collapsable-expandable-list.app */,
			);
			name = Products;
			sourceTree = "<group>";
		};
		79F232A22992C41800B7ACC1 /* collapsable-expandable-list */ = {
			isa = PBXGroup;
			children = (
				79F232A32992C41800B7ACC1 /* collapsable_expandable_listApp.swift */,
				79F232A52992C41800B7ACC1 /* ContentView.swift */,
				79F232B12992C44600B7ACC1 /* CollapsableExpandableDemoView.swift */,
				79F232B32992C91500B7ACC1 /* CollapsableSectionsFormDemoView.swift */,
				79F232B52992C9F300B7ACC1 /* CustomCollapsableSectionsDemoView.swift */,
				79F232A72992C41900B7ACC1 /* Assets.xcassets */,
				79F232A92992C41900B7ACC1 /* Preview Content */,
			);
			path = "collapsable-expandable-list";
			sourceTree = "<group>";
		};
		79F232A92992C41900B7ACC1 /* Preview Content */ = {
			isa = PBXGroup;
			children = (
				79F232AA2992C41900B7ACC1 /* Preview Assets.xcassets */,
			);
			path = "Preview Content";
			sourceTree = "<group>";
		};
/* End PBXGroup section */

/* Begin PBXNativeTarget section */
		79F2329F2992C41800B7ACC1 /* collapsable-expandable-list */ = {
			isa = PBXNativeTarget;
			buildConfigurationList = 79F232AE2992C41900B7ACC1 /* Build configuration list for PBXNativeTarget "collapsable-expandable-list" */;
			buildPhases = (
				79F2329C2992C41800B7ACC1 /* Sources */,
				79F2329D2992C41800B7ACC1 /* Frameworks */,
				79F2329E2992C41800B7ACC1 /* Resources */,
			);
			buildRules = (
			);
			dependencies = (
			);
			name = "collapsable-expandable-list";
			productName = "collapsable-expandable-list";
			productReference = 79F232A02992C41800B7ACC1 /* collapsable-expandable-list.app */;
			productType = "com.apple.product-type.application";
		};
/* End PBXNativeTarget section */

/* Begin PBXProject section */
		79F232982992C41800B7ACC1 /* Project object */ = {
			isa = PBXProject;
			attributes = {
				BuildIndependentTargetsInParallel = 1;
				LastSwiftUpdateCheck = 1420;
				LastUpgradeCheck = 1420;
				TargetAttributes = {
					79F2329F2992C41800B7ACC1 = {
						CreatedOnToolsVersion = 14.2;
					};
				};
			};
			buildConfigurationList = 79F2329B2992C41800B7ACC1 /* Build configuration list for PBXProject "collapsable-expandable-list" */;
			compatibilityVersion = "Xcode 14.0";
			developmentRegion = en;
			hasScannedForEncodings = 0;
			knownRegions = (
				en,
				Base,
			);
			mainGroup = 79F232972992C41800B7ACC1;
			productRefGroup = 79F232A12992C41800B7ACC1 /* Products */;
			projectDirPath = "";
			projectRoot = "";
			targets = (
				79F2329F2992C41800B7ACC1 /* collapsable-expandable-list */,
			);
		};
/* End PBXProject section */

/* Begin PBXResourcesBuildPhase section */
		79F2329E2992C41800B7ACC1 /* Resources */ = {
			isa = PBXResourcesBuildPhase;
			buildActionMask = 2147483647;
			files = (
				79F232AB2992C41900B7ACC1 /* Preview Assets.xcassets in Resources */,
				79F232A82992C41900B7ACC1 /* Assets.xcassets in Resources */,
			);
			runOnlyForDeploymentPostprocessing = 0;
		};
/* End PBXResourcesBuildPhase section */

/* Begin PBXSourcesBuildPhase section */
		79F2329C2992C41800B7ACC1 /* Sources */ = {
			isa = PBXSourcesBuildPhase;
			buildActionMask = 2147483647;
			files = (
				79F232A62992C41800B7ACC1 /* ContentView.swift in Sources */,
				79F232A42992C41800B7ACC1 /* collapsable_expandable_listApp.swift in Sources */,
				79F232B62992C9F300B7ACC1 /* CustomCollapsableSectionsDemoView.swift in Sources */,
				79F232B42992C91500B7ACC1 /* CollapsableSectionsFormDemoView.swift in Sources */,
				79F232B22992C44600B7ACC1 /* CollapsableExpandableDemoView.swift in Sources */,
			);
			runOnlyForDeploymentPostprocessing = 0;
		};
/* End PBXSourcesBuildPhase section */

/* Begin XCBuildConfiguration section */
		79F232AC2992C41900B7ACC1 /* Debug */ = {
			isa = XCBuildConfiguration;
			buildSettings = {
				ALWAYS_SEARCH_USER_PATHS = NO;
				CLANG_ANALYZER_NONNULL = YES;
				CLANG_ANALYZER_NUMBER_OBJECT_CONVERSION = YES_AGGRESSIVE;
				CLANG_CXX_LANGUAGE_STANDARD = "gnu++20";
				CLANG_ENABLE_MODULES = YES;
				CLANG_ENABLE_OBJC_ARC = YES;
				CLANG_ENABLE_OBJC_WEAK = YES;
				CLANG_WARN_BLOCK_CAPTURE_AUTORELEASING = YES;
				CLANG_WARN_BOOL_CONVERSION = YES;
				CLANG_WARN_COMMA = YES;
				CLANG_WARN_CONSTANT_CONVERSION = YES;
				CLANG_WARN_DEPRECATED_OBJC_IMPLEMENTATIONS = YES;
				CLANG_WARN_DIRECT_OBJC_ISA_USAGE = YES_ERROR;
				CLANG_WARN_DOCUMENTATION_COMMENTS = YES;
				CLANG_WARN_EMPTY_BODY = YES;
				CLANG_WARN_ENUM_CONVERSION = YES;
				CLANG_WARN_INFINITE_RECURSION = YES;
				CLANG_WARN_INT_CONVERSION = YES;
				CLANG_WARN_NON_LITERAL_NULL_CONVERSION = YES;
				CLANG_WARN_OBJC_IMPLICIT_RETAIN_SELF = YES;
				CLANG_WARN_OBJC_LITERAL_CONVERSION = YES;
				CLANG_WARN_OBJC_ROOT_CLASS = YES_ERROR;
				CLANG_WARN_QUOTED_INCLUDE_IN_FRAMEWORK_HEADER = YES;
				CLANG_WARN_RANGE_LOOP_ANALYSIS = YES;
				CLANG_WARN_STRICT_PROTOTYPES = YES;
				CLANG_WARN_SUSPICIOUS_MOVE = YES;
				CLANG_WARN_UNGUARDED_AVAILABILITY = YES_AGGRESSIVE;
				CLANG_WARN_UNREACHABLE_CODE = YES;
				CLANG_WARN__DUPLICATE_METHOD_MATCH = YES;
				COPY_PHASE_STRIP = NO;
				DEBUG_INFORMATION_FORMAT = dwarf;
				ENABLE_STRICT_OBJC_MSGSEND = YES;
				ENABLE_TESTABILITY = YES;
				GCC_C_LANGUAGE_STANDARD = gnu11;
				GCC_DYNAMIC_NO_PIC = NO;
				GCC_NO_COMMON_BLOCKS = YES;
				GCC_OPTIMIZATION_LEVEL = 0;
				GCC_PREPROCESSOR_DEFINITIONS = (
					"DEBUG=1",
					"$(inherited)",
				);
				GCC_WARN_64_TO_32_BIT_CONVERSION = YES;
				GCC_WARN_ABOUT_RETURN_TYPE = YES_ERROR;
				GCC_WARN_UNDECLARED_SELECTOR = YES;
				GCC_WARN_UNINITIALIZED_AUTOS = YES_AGGRESSIVE;
				GCC_WARN_UNUSED_FUNCTION = YES;
				GCC_WARN_UNUSED_VARIABLE = YES;
				IPHONEOS_DEPLOYMENT_TARGET = 16.2;
				MTL_ENABLE_DEBUG_INFO = INCLUDE_SOURCE;
				MTL_FAST_MATH = YES;
				ONLY_ACTIVE_ARCH = YES;
				SDKROOT = iphoneos;
				SWIFT_ACTIVE_COMPILATION_CONDITIONS = DEBUG;
				SWIFT_OPTIMIZATION_LEVEL = "-Onone";
			};
			name = Debug;
		};
		79F232AD2992C41900B7ACC1 /* Release */ = {
			isa = XCBuildConfiguration;
			buildSettings = {
				ALWAYS_SEARCH_USER_PATHS = NO;
				CLANG_ANALYZER_NONNULL = YES;
				CLANG_ANALYZER_NUMBER_OBJECT_CONVERSION = YES_AGGRESSIVE;
				CLANG_CXX_LANGUAGE_STANDARD = "gnu++20";
				CLANG_ENABLE_MODULES = YES;
				CLANG_ENABLE_OBJC_ARC = YES;
				CLANG_ENABLE_OBJC_WEAK = YES;
				CLANG_WARN_BLOCK_CAPTURE_AUTORELEASING = YES;
				CLANG_WARN_BOOL_CONVERSION = YES;
				CLANG_WARN_COMMA = YES;
				CLANG_WARN_CONSTANT_CONVERSION = YES;
				CLANG_WARN_DEPRECATED_OBJC_IMPLEMENTATIONS = YES;
				CLANG_WARN_DIRECT_OBJC_ISA_USAGE = YES_ERROR;
				CLANG_WARN_DOCUMENTATION_COMMENTS = YES;
				CLANG_WARN_EMPTY_BODY = YES;
				CLANG_WARN_ENUM_CONVERSION = YES;
				CLANG_WARN_INFINITE_RECURSION = YES;
				CLANG_WARN_INT_CONVERSION = YES;
				CLANG_WARN_NON_LITERAL_NULL_CONVERSION = YES;
				CLANG_WARN_OBJC_IMPLICIT_RETAIN_SELF = YES;
				CLANG_WARN_OBJC_LITERAL_CONVERSION = YES;
				CLANG_WARN_OBJC_ROOT_CLASS = YES_ERROR;
				CLANG_WARN_QUOTED_INCLUDE_IN_FRAMEWORK_HEADER = YES;
				CLANG_WARN_RANGE_LOOP_ANALYSIS = YES;
				CLANG_WARN_STRICT_PROTOTYPES = YES;
				CLANG_WARN_SUSPICIOUS_MOVE = YES;
				CLANG_WARN_UNGUARDED_AVAILABILITY = YES_AGGRESSIVE;
				CLANG_WARN_UNREACHABLE_CODE = YES;
				CLANG_WARN__DUPLICATE_METHOD_MATCH = YES;
				COPY_PHASE_STRIP = NO;
				DEBUG_INFORMATION_FORMAT = "dwarf-with-dsym";
				ENABLE_NS_ASSERTIONS = NO;
				ENABLE_STRICT_OBJC_MSGSEND = YES;
				GCC_C_LANGUAGE_STANDARD = gnu11;
				GCC_NO_COMMON_BLOCKS = YES;
				GCC_WARN_64_TO_32_BIT_CONVERSION = YES;
				GCC_WARN_ABOUT_RETURN_TYPE = YES_ERROR;
				GCC_WARN_UNDECLARED_SELECTOR = YES;
				GCC_WARN_UNINITIALIZED_AUTOS = YES_AGGRESSIVE;
				GCC_WARN_UNUSED_FUNCTION = YES;
				GCC_WARN_UNUSED_VARIABLE = YES;
				IPHONEOS_DEPLOYMENT_TARGET = 16.2;
				MTL_ENABLE_DEBUG_INFO = NO;
				MTL_FAST_MATH = YES;
				SDKROOT = iphoneos;
				SWIFT_COMPILATION_MODE = wholemodule;
				SWIFT_OPTIMIZATION_LEVEL = "-O";
				VALIDATE_PRODUCT = YES;
			};
			name = Release;
		};
		79F232AF2992C41900B7ACC1 /* Debug */ = {
			isa = XCBuildConfiguration;
			buildSettings = {
				ASSETCATALOG_COMPILER_APPICON_NAME = AppIcon;
				ASSETCATALOG_COMPILER_GLOBAL_ACCENT_COLOR_NAME = AccentColor;
				CODE_SIGN_STYLE = Automatic;
				CURRENT_PROJECT_VERSION = 1;
				DEVELOPMENT_ASSET_PATHS = "\"collapsable-expandable-list/Preview Content\"";
				DEVELOPMENT_TEAM = 5L486HSHN2;
				ENABLE_PREVIEWS = YES;
				GENERATE_INFOPLIST_FILE = YES;
				INFOPLIST_KEY_UIApplicationSceneManifest_Generation = YES;
				INFOPLIST_KEY_UIApplicationSupportsIndirectInputEvents = YES;
				INFOPLIST_KEY_UILaunchScreen_Generation = YES;
				INFOPLIST_KEY_UISupportedInterfaceOrientations_iPad = "UIInterfaceOrientationPortrait UIInterfaceOrientationPortraitUpsideDown UIInterfaceOrientationLandscapeLeft UIInterfaceOrientationLandscapeRight";
				INFOPLIST_KEY_UISupportedInterfaceOrientations_iPhone = "UIInterfaceOrientationPortrait UIInterfaceOrientationLandscapeLeft UIInterfaceOrientationLandscapeRight";
				LD_RUNPATH_SEARCH_PATHS = (
					"$(inherited)",
					"@executable_path/Frameworks",
				);
				MARKETING_VERSION = 1.0;
				PRODUCT_BUNDLE_IDENTIFIER = "ok.collapsable-expandable-list";
				PRODUCT_NAME = "$(TARGET_NAME)";
				SWIFT_EMIT_LOC_STRINGS = YES;
				SWIFT_VERSION = 5.0;
				TARGETED_DEVICE_FAMILY = "1,2";
			};
			name = Debug;
		};
		79F232B02992C41900B7ACC1 /* Release */ = {
			isa = XCBuildConfiguration;
			buildSettings = {
				ASSETCATALOG_COMPILER_APPICON_NAME = AppIcon;
				ASSETCATALOG_COMPILER_GLOBAL_ACCENT_COLOR_NAME = AccentColor;
				CODE_SIGN_STYLE = Automatic;
				CURRENT_PROJECT_VERSION = 1;
				DEVELOPMENT_ASSET_PATHS = "\"collapsable-expandable-list/Preview Content\"";
				DEVELOPMENT_TEAM = 5L486HSHN2;
				ENABLE_PREVIEWS = YES;
				GENERATE_INFOPLIST_FILE = YES;
				INFOPLIST_KEY_UIApplicationSceneManifest_Generation = YES;
				INFOPLIST_KEY_UIApplicationSupportsIndirectInputEvents = YES;
				INFOPLIST_KEY_UILaunchScreen_Generation = YES;
				INFOPLIST_KEY_UISupportedInterfaceOrientations_iPad = "UIInterfaceOrientationPortrait UIInterfaceOrientationPortraitUpsideDown UIInterfaceOrientationLandscapeLeft UIInterfaceOrientationLandscapeRight";
				INFOPLIST_KEY_UISupportedInterfaceOrientations_iPhone = "UIInterfaceOrientationPortrait UIInterfaceOrientationLandscapeLeft UIInterfaceOrientationLandscapeRight";
				LD_RUNPATH_SEARCH_PATHS = (
					"$(inherited)",
					"@executable_path/Frameworks",
				);
				MARKETING_VERSION = 1.0;
				PRODUCT_BUNDLE_IDENTIFIER = "ok.collapsable-expandable-list";
				PRODUCT_NAME = "$(TARGET_NAME)";
				SWIFT_EMIT_LOC_STRINGS = YES;
				SWIFT_VERSION = 5.0;
				TARGETED_DEVICE_FAMILY = "1,2";
			};
			name = Release;
		};
/* End XCBuildConfiguration section */

/* Begin XCConfigurationList section */
		79F2329B2992C41800B7ACC1 /* Build configuration list for PBXProject "collapsable-expandable-list" */ = {
			isa = XCConfigurationList;
			buildConfigurations = (
				79F232AC2992C41900B7ACC1 /* Debug */,
				79F232AD2992C41900B7ACC1 /* Release */,
			);
			defaultConfigurationIsVisible = 0;
			defaultConfigurationName = Release;
		};
		79F232AE2992C41900B7ACC1 /* Build configuration list for PBXNativeTarget "collapsable-expandable-list" */ = {
			isa = XCConfigurationList;
			buildConfigurations = (
				79F232AF2992C41900B7ACC1 /* Debug */,
				79F232B02992C41900B7ACC1 /* Release */,
			);
			defaultConfigurationIsVisible = 0;
			defaultConfigurationName = Release;
		};
/* End XCConfigurationList section */
	};
	rootObject = 79F232982992C41800B7ACC1 /* Project object */;
}
